{
  "name": "awesome6-solid-uni.font",
  "lockfileVersion": 3,
  "requires": true,
  "packages": {
    "": {
      "dependencies": {
        "jade": "^1.11.0",
        "js-yaml": "^3.6.1",
        "stylus": "^0.54.5",
        "svg-font-create": "^0.0.5",
        "svg-font-dump": "^0.1.0",
        "svg2ttf": "^4.0.1",
        "svgo": "~ 0.6.6",
        "ttf2eot": "^2.0.0",
        "ttf2woff": "^2.0.1"
      }
    },
    "node_modules/acorn": {
      "version": "2.7.0",
      "license": "MIT",
      "bin": {
        "acorn": "bin/acorn"
      },
      "engines": {
        "node": ">=0.4.0"
      }
    },
    "node_modules/acorn-globals": {
      "version": "1.0.9",
      "license": "MIT",
      "dependencies": {
        "acorn": "^2.1.0"
      }
    },
    "node_modules/align-text": {
      "version": "0.1.4",
      "license": "MIT",
      "dependencies": {
        "kind-of": "^3.0.2",
        "longest": "^1.0.1",
        "repeat-string": "^1.5.2"
      },
      "engines": {
        "node": ">=0.10.0"
      }
    },
    "node_modules/amdefine": {
      "version": "1.0.1",
      "license": "BSD-3-Clause OR MIT",
      "engines": {
        "node": ">=0.4.2"
      }
    },
    "node_modules/ansi-regex": {
      "version": "2.1.1",
      "license": "MIT",
      "engines": {
        "node": ">=0.10.0"
      }
    },
    "node_modules/ansi-styles": {
      "version": "2.2.1",
      "license": "MIT",
      "engines": {
        "node": ">=0.10.0"
      }
    },
    "node_modules/argparse": {
      "version": "1.0.10",
      "license": "MIT",
      "dependencies": {
        "sprintf-js": "~1.0.2"
      }
    },
    "node_modules/asap": {
      "version": "1.0.0"
    },
    "node_modules/async": {
      "version": "0.2.10"
    },
    "node_modules/atob": {
      "version": "2.1.2",
      "license": "(MIT OR Apache-2.0)",
      "bin": {
        "atob": "bin/atob.js"
      },
      "engines": {
        "node": ">= 4.5.0"
      }
    },
    "node_modules/balanced-match": {
      "version": "1.0.2",
      "license": "MIT"
    },
    "node_modules/brace-expansion": {
      "version": "1.1.11",
      "license": "MIT",
      "dependencies": {
        "balanced-match": "^1.0.0",
        "concat-map": "0.0.1"
      }
    },
    "node_modules/camelcase": {
      "version": "1.2.1",
      "license": "MIT",
      "engines": {
        "node": ">=0.10.0"
      }
    },
    "node_modules/center-align": {
      "version": "0.1.3",
      "license": "MIT",
      "dependencies": {
        "align-text": "^0.1.3",
        "lazy-cache": "^1.0.3"
      },
      "engines": {
        "node": ">=0.10.0"
      }
    },
    "node_modules/chalk": {
      "version": "1.1.3",
      "license": "MIT",
      "dependencies": {
        "ansi-styles": "^2.2.1",
        "escape-string-regexp": "^1.0.2",
        "has-ansi": "^2.0.0",
        "strip-ansi": "^3.0.0",
        "supports-color": "^2.0.0"
      },
      "engines": {
        "node": ">=0.10.0"
      }
    },
    "node_modules/character-parser": {
      "version": "1.2.1",
      "license": "MIT"
    },
    "node_modules/clap": {
      "version": "1.2.3",
      "license": "MIT",
      "dependencies": {
        "chalk": "^1.1.3"
      },
      "engines": {
        "node": ">=0.10.0"
      }
    },
    "node_modules/clean-css": {
      "version": "3.4.28",
      "license": "MIT",
      "dependencies": {
        "commander": "2.8.x",
        "source-map": "0.4.x"
      },
      "bin": {
        "cleancss": "bin/cleancss"
      },
      "engines": {
        "node": ">=0.10.0"
      }
    },
    "node_modules/clean-css/node_modules/commander": {
      "version": "2.8.1",
      "license": "MIT",
      "dependencies": {
        "graceful-readlink": ">= 1.0.0"
      },
      "engines": {
        "node": ">= 0.6.x"
      }
    },
    "node_modules/clean-css/node_modules/source-map": {
      "version": "0.4.4",
      "license": "BSD-3-Clause",
      "dependencies": {
        "amdefine": ">=0.0.4"
      },
      "engines": {
        "node": ">=0.8.0"
      }
    },
    "node_modules/cliui": {
      "version": "2.1.0",
      "license": "ISC",
      "dependencies": {
        "center-align": "^0.1.1",
        "right-align": "^0.1.1",
        "wordwrap": "0.0.2"
      }
    },
    "node_modules/cliui/node_modules/wordwrap": {
      "version": "0.0.2",
      "license": "MIT/X11",
      "engines": {
        "node": ">=0.4.0"
      }
    },
    "node_modules/coa": {
      "version": "1.0.4",
      "dependencies": {
        "q": "^1.1.2"
      },
      "engines": {
        "node": ">= 0.8.0"
      }
    },
    "node_modules/colors": {
      "version": "1.1.2",
      "license": "MIT",
      "engines": {
        "node": ">=0.1.90"
      }
    },
    "node_modules/commander": {
      "version": "2.6.0",
      "license": "MIT",
      "engines": {
        "node": ">= 0.6.x"
      }
    },
    "node_modules/concat-map": {
      "version": "0.0.1",
      "license": "MIT"
    },
    "node_modules/constantinople": {
      "version": "3.0.2",
      "license": "MIT",
      "dependencies": {
        "acorn": "^2.1.0"
      }
    },
    "node_modules/css": {
      "version": "1.0.8",
      "dependencies": {
        "css-parse": "1.0.4",
        "css-stringify": "1.0.5"
      }
    },
    "node_modules/css-parse": {
      "version": "2.0.0",
      "license": "MIT",
      "dependencies": {
        "css": "^2.0.0"
      }
    },
    "node_modules/css-parse/node_modules/css": {
      "version": "2.2.4",
      "license": "MIT",
      "dependencies": {
        "inherits": "^2.0.3",
        "source-map": "^0.6.1",
        "source-map-resolve": "^0.5.2",
        "urix": "^0.1.0"
      }
    },
    "node_modules/css-parse/node_modules/css/node_modules/source-map": {
      "version": "0.6.1",
      "license": "BSD-3-Clause",
      "engines": {
        "node": ">=0.10.0"
      }
    },
    "node_modules/css-stringify": {
      "version": "1.0.5"
    },
    "node_modules/css/node_modules/css-parse": {
      "version": "1.0.4"
    },
    "node_modules/csso": {
      "version": "2.0.0",
      "license": "MIT",
      "dependencies": {
        "clap": "^1.0.9",
        "source-map": "^0.5.3"
      },
      "bin": {
        "csso": "bin/csso"
      },
      "engines": {
        "node": ">=0.10.0"
      }
    },
    "node_modules/csso/node_modules/source-map": {
      "version": "0.5.7",
      "license": "BSD-3-Clause",
      "engines": {
        "node": ">=0.10.0"
      }
    },
    "node_modules/cubic2quad": {
      "version": "1.2.1",
      "license": "MIT"
    },
    "node_modules/debug": {
      "version": "3.1.0",
      "license": "MIT",
      "dependencies": {
        "ms": "2.0.0"
      }
    },
    "node_modules/decamelize": {
      "version": "1.2.0",
      "license": "MIT",
      "engines": {
        "node": ">=0.10.0"
      }
    },
    "node_modules/decode-uri-component": {
      "version": "0.2.2",
      "license": "MIT",
      "engines": {
        "node": ">=0.10"
      }
    },
    "node_modules/escape-string-regexp": {
      "version": "1.0.5",
      "license": "MIT",
      "engines": {
        "node": ">=0.8.0"
      }
    },
    "node_modules/esprima": {
      "version": "4.0.1",
      "license": "BSD-2-Clause",
      "bin": {
        "esparse": "bin/esparse.js",
        "esvalidate": "bin/esvalidate.js"
      },
      "engines": {
        "node": ">=4"
      }
    },
    "node_modules/fs-tools": {
      "version": "0.2.11",
      "license": "MIT",
      "dependencies": {
        "async": "~ 0.2.9",
        "lodash": "~ 2.4.1"
      }
    },
    "node_modules/fs-tools/node_modules/lodash": {
      "version": "2.4.2",
      "engines": [
        "node",
        "rhino"
      ],
      "license": "MIT"
    },
    "node_modules/fs.realpath": {
      "version": "1.0.0",
      "license": "ISC"
    },
    "node_modules/glob": {
      "version": "7.2.3",
      "license": "ISC",
      "dependencies": {
        "fs.realpath": "^1.0.0",
        "inflight": "^1.0.4",
        "inherits": "2",
        "minimatch": "^3.1.1",
        "once": "^1.3.0",
        "path-is-absolute": "^1.0.0"
      },
      "engines": {
        "node": "*"
      },
      "funding": {
        "url": "https://github.com/sponsors/isaacs"
      }
    },
    "node_modules/graceful-readlink": {
      "version": "1.0.1",
      "license": "MIT"
    },
    "node_modules/has-ansi": {
      "version": "2.0.0",
      "license": "MIT",
      "dependencies": {
        "ansi-regex": "^2.0.0"
      },
      "engines": {
        "node": ">=0.10.0"
      }
    },
    "node_modules/inflight": {
      "version": "1.0.6",
      "license": "ISC",
      "dependencies": {
        "once": "^1.3.0",
        "wrappy": "1"
      }
    },
    "node_modules/inherits": {
      "version": "2.0.4",
      "license": "ISC"
    },
    "node_modules/is-buffer": {
      "version": "1.1.6",
      "license": "MIT"
    },
    "node_modules/is-promise": {
      "version": "2.2.2",
      "license": "MIT"
    },
    "node_modules/jade": {
      "version": "1.11.0",
      "license": "MIT",
      "dependencies": {
        "character-parser": "1.2.1",
        "clean-css": "^3.1.9",
        "commander": "~2.6.0",
        "constantinople": "~3.0.1",
        "jstransformer": "0.0.2",
        "mkdirp": "~0.5.0",
        "transformers": "2.1.0",
        "uglify-js": "^2.4.19",
        "void-elements": "~2.0.1",
        "with": "~4.0.0"
      },
      "bin": {
        "jade": "bin/jade.js"
      }
    },
    "node_modules/js-yaml": {
      "version": "3.14.1",
      "license": "MIT",
      "dependencies": {
        "argparse": "^1.0.7",
        "esprima": "^4.0.0"
      },
      "bin": {
        "js-yaml": "bin/js-yaml.js"
      }
    },
    "node_modules/jstransformer": {
      "version": "0.0.2",
      "license": "MIT",
      "dependencies": {
        "is-promise": "^2.0.0",
        "promise": "^6.0.1"
      }
    },
    "node_modules/kind-of": {
      "version": "3.2.2",
      "license": "MIT",
      "dependencies": {
        "is-buffer": "^1.1.5"
      },
      "engines": {
        "node": ">=0.10.0"
      }
    },
    "node_modules/lazy-cache": {
      "version": "1.0.4",
      "license": "MIT",
      "engines": {
        "node": ">=0.10.0"
      }
    },
    "node_modules/lodash": {
      "version": "1.2.1",
      "engines": [
        "node",
        "rhino"
      ],
      "license": "MIT"
    },
    "node_modules/longest": {
      "version": "1.0.1",
      "license": "MIT",
      "engines": {
        "node": ">=0.10.0"
      }
    },
    "node_modules/microbuffer": {
      "version": "1.0.0",
      "license": "MIT"
    },
    "node_modules/minimatch": {
      "version": "3.1.2",
      "license": "ISC",
      "dependencies": {
        "brace-expansion": "^1.1.7"
      },
      "engines": {
        "node": "*"
      }
    },
    "node_modules/minimist": {
      "version": "1.2.8",
      "license": "MIT",
      "funding": {
        "url": "https://github.com/sponsors/ljharb"
      }
    },
    "node_modules/mkdirp": {
      "version": "0.5.6",
      "license": "MIT",
      "dependencies": {
        "minimist": "^1.2.6"
      },
      "bin": {
        "mkdirp": "bin/cmd.js"
      }
    },
    "node_modules/ms": {
      "version": "2.0.0",
      "license": "MIT"
    },
    "node_modules/once": {
      "version": "1.4.0",
      "license": "ISC",
      "dependencies": {
        "wrappy": "1"
      }
    },
    "node_modules/optimist": {
      "version": "0.3.7",
      "license": "MIT/X11",
      "dependencies": {
        "wordwrap": "~0.0.2"
      }
    },
    "node_modules/pako": {
      "version": "1.0.11",
      "license": "(MIT AND Zlib)"
    },
    "node_modules/path-is-absolute": {
      "version": "1.0.1",
      "license": "MIT",
      "engines": {
        "node": ">=0.10.0"
      }
    },
    "node_modules/promise": {
      "version": "6.1.0",
      "license": "MIT",
      "dependencies": {
        "asap": "~1.0.0"
      }
    },
    "node_modules/q": {
      "version": "1.5.1",
      "license": "MIT",
      "engines": {
        "node": ">=0.6.0",
        "teleport": ">=0.2.0"
      }
    },
    "node_modules/repeat-string": {
      "version": "1.6.1",
      "license": "MIT",
      "engines": {
        "node": ">=0.10"
      }
    },
    "node_modules/resolve-url": {
      "version": "0.2.1",
      "license": "MIT"
    },
    "node_modules/right-align": {
      "version": "0.1.3",
      "license": "MIT",
      "dependencies": {
        "align-text": "^0.1.1"
      },
      "engines": {
        "node": ">=0.10.0"
      }
    },
    "node_modules/safer-buffer": {
      "version": "2.1.2",
      "license": "MIT"
    },
    "node_modules/sax": {
      "version": "1.2.4",
      "license": "ISC"
    },
    "node_modules/semver": {
      "version": "6.3.1",
      "license": "ISC",
      "bin": {
        "semver": "bin/semver.js"
      }
    },
    "node_modules/source-map": {
      "version": "0.7.4",
      "license": "BSD-3-Clause",
      "engines": {
        "node": ">= 8"
      }
    },
    "node_modules/source-map-resolve": {
      "version": "0.5.3",
      "license": "MIT",
      "dependencies": {
        "atob": "^2.1.2",
        "decode-uri-component": "^0.2.0",
        "resolve-url": "^0.2.1",
        "source-map-url": "^0.4.0",
        "urix": "^0.1.0"
      }
    },
    "node_modules/source-map-url": {
      "version": "0.4.1",
      "license": "MIT"
    },
    "node_modules/sprintf-js": {
      "version": "1.0.3",
      "license": "BSD-3-Clause"
    },
    "node_modules/strip-ansi": {
      "version": "3.0.1",
      "license": "MIT",
      "dependencies": {
        "ansi-regex": "^2.0.0"
      },
      "engines": {
        "node": ">=0.10.0"
      }
    },
    "node_modules/stylus": {
      "version": "0.54.8",
      "license": "MIT",
      "dependencies": {
        "css-parse": "~2.0.0",
        "debug": "~3.1.0",
        "glob": "^7.1.6",
        "mkdirp": "~1.0.4",
        "safer-buffer": "^2.1.2",
        "sax": "~1.2.4",
        "semver": "^6.3.0",
        "source-map": "^0.7.3"
      },
      "bin": {
        "stylus": "bin/stylus"
      },
      "engines": {
        "node": "*"
      }
    },
    "node_modules/stylus/node_modules/mkdirp": {
      "version": "1.0.4",
      "license": "MIT",
      "bin": {
        "mkdirp": "bin/cmd.js"
      },
      "engines": {
        "node": ">=10"
      }
    },
    "node_modules/supports-color": {
      "version": "2.0.0",
      "license": "MIT",
      "engines": {
        "node": ">=0.8.0"
      }
    },
    "node_modules/svg-font-create": {
      "version": "0.0.5",
      "dependencies": {
        "argparse": "~ 0.1.7",
        "fs-tools": "~ 0.2.6",
        "js-yaml": "~ 2.0.5",
        "lodash": "~ 1.2.1",
        "svgo": "~ 0.3.2",
        "xmldom": "~ 0.1.5"
      },
      "bin": {
        "svg-font-create": "svg-font-create.js"
      }
    },
    "node_modules/svg-font-create/node_modules/argparse": {
      "version": "0.1.16",
      "license": "MIT",
      "dependencies": {
        "underscore": "~1.7.0",
        "underscore.string": "~2.4.0"
      }
    },
    "node_modules/svg-font-create/node_modules/js-yaml": {
      "version": "2.0.5",
      "license": "MIT",
      "dependencies": {
        "argparse": "~ 0.1.11",
        "esprima": "~ 1.0.2"
      },
      "bin": {
        "js-yaml": "bin/js-yaml.js"
      },
      "engines": {
        "node": ">= 0.6.0"
      }
    },
    "node_modules/svg-font-create/node_modules/js-yaml/node_modules/esprima": {
      "version": "1.0.4",
      "bin": {
        "esparse": "bin/esparse.js",
        "esvalidate": "bin/esvalidate.js"
      },
      "engines": {
        "node": ">=0.4.0"
      }
    },
    "node_modules/svg-font-create/node_modules/svgo": {
      "version": "0.3.7",
      "dependencies": {
        "coa": "~0.3.7",
        "colors": "~0.6.0",
        "js-yaml": "",
        "sax": "~0.5.0",
        "whet.extend": ""
      },
      "bin": {
        "svgo": "bin/svgo"
      },
      "engines": {
        "node": ">=0.6.0"
      }
    },
    "node_modules/svg-font-create/node_modules/svgo/node_modules/coa": {
      "version": "0.3.9",
      "dependencies": {
        "q": "~0.8.10"
      },
      "engines": {
        "node": ">= 0.6.0"
      }
    },
    "node_modules/svg-font-create/node_modules/svgo/node_modules/coa/node_modules/q": {
      "version": "0.8.12",
      "engines": {
        "node": ">=0.6.0",
        "teleport": ">=0.2.0"
      }
    },
    "node_modules/svg-font-create/node_modules/svgo/node_modules/colors": {
      "version": "0.6.2",
      "engines": {
        "node": ">=0.1.90"
      }
    },
    "node_modules/svg-font-create/node_modules/svgo/node_modules/js-yaml": {
      "version": "4.1.0",
      "license": "MIT",
      "dependencies": {
        "argparse": "^2.0.1"
      },
      "bin": {
        "js-yaml": "bin/js-yaml.js"
      }
    },
    "node_modules/svg-font-create/node_modules/svgo/node_modules/js-yaml/node_modules/argparse": {
      "version": "2.0.1",
      "license": "Python-2.0"
    },
    "node_modules/svg-font-create/node_modules/svgo/node_modules/sax": {
      "version": "0.5.8",
      "license": "BSD"
    },
    "node_modules/svg-font-dump": {
      "version": "0.1.0",
      "dependencies": {
        "argparse": "~ 0.1.7",
        "fs-tools": "~ 0.2.6",
        "js-yaml": "~ 2.0.5",
        "lodash": "~ 1.2.1",
        "svgpath": "~ 1.0.1",
        "xmldom": "~ 0.1.5"
      },
      "bin": {
        "svg-font-dump": "svg-font-dump.js"
      }
    },
    "node_modules/svg-font-dump/node_modules/argparse": {
      "version": "0.1.16",
      "license": "MIT",
      "dependencies": {
        "underscore": "~1.7.0",
        "underscore.string": "~2.4.0"
      }
    },
    "node_modules/svg-font-dump/node_modules/js-yaml": {
      "version": "2.0.5",
      "license": "MIT",
      "dependencies": {
        "argparse": "~ 0.1.11",
        "esprima": "~ 1.0.2"
      },
      "bin": {
        "js-yaml": "bin/js-yaml.js"
      },
      "engines": {
        "node": ">= 0.6.0"
      }
    },
    "node_modules/svg-font-dump/node_modules/js-yaml/node_modules/esprima": {
      "version": "1.0.4",
      "bin": {
        "esparse": "bin/esparse.js",
        "esvalidate": "bin/esvalidate.js"
      },
      "engines": {
        "node": ">=0.4.0"
      }
    },
    "node_modules/svg2ttf": {
      "version": "4.3.0",
      "license": "MIT",
      "dependencies": {
        "argparse": "^1.0.6",
        "cubic2quad": "^1.0.0",
        "lodash": "^4.17.10",
        "microbuffer": "^1.0.0",
        "svgpath": "^2.1.5",
        "xmldom": "~0.1.22"
      },
      "bin": {
        "svg2ttf": "svg2ttf.js"
      }
    },
    "node_modules/svg2ttf/node_modules/lodash": {
      "version": "4.17.21",
      "license": "MIT"
    },
    "node_modules/svg2ttf/node_modules/svgpath": {
      "version": "2.6.0",
      "license": "MIT",
      "funding": {
        "url": "https://github.com/fontello/svg2ttf?sponsor=1"
      }
    },
    "node_modules/svgo": {
      "version": "0.6.6",
      "license": "MIT",
      "dependencies": {
        "coa": "~1.0.1",
        "colors": "~1.1.2",
        "csso": "~2.0.0",
        "js-yaml": "~3.6.0",
        "mkdirp": "~0.5.1",
        "sax": "~1.2.1",
        "whet.extend": "~0.9.9"
      },
      "bin": {
        "svgo": "bin/svgo"
      },
      "engines": {
        "node": ">=0.10.0"
      }
    },
    "node_modules/svgo/node_modules/js-yaml": {
      "version": "3.6.1",
      "license": "MIT",
      "dependencies": {
        "argparse": "^1.0.7",
        "esprima": "^2.6.0"
      },
      "bin": {
        "js-yaml": "bin/js-yaml.js"
      }
    },
    "node_modules/svgo/node_modules/js-yaml/node_modules/esprima": {
      "version": "2.7.3",
      "license": "BSD-2-Clause",
      "bin": {
        "esparse": "bin/esparse.js",
        "esvalidate": "bin/esvalidate.js"
      },
      "engines": {
        "node": ">=0.10.0"
      }
    },
    "node_modules/svgpath": {
      "version": "1.0.7",
      "license": "MIT"
    },
    "node_modules/transformers": {
      "version": "2.1.0",
      "license": "MIT",
      "dependencies": {
        "css": "~1.0.8",
        "promise": "~2.0",
        "uglify-js": "~2.2.5"
      }
    },
    "node_modules/transformers/node_modules/promise": {
      "version": "2.0.0",
      "license": "MIT",
      "dependencies": {
        "is-promise": "~1"
      }
    },
    "node_modules/transformers/node_modules/promise/node_modules/is-promise": {
      "version": "1.0.1",
      "license": "MIT"
    },
    "node_modules/transformers/node_modules/uglify-js": {
      "version": "2.2.5",
      "dependencies": {
        "optimist": "~0.3.5",
        "source-map": "~0.1.7"
      },
      "bin": {
        "uglifyjs": "bin/uglifyjs"
      },
      "engines": {
        "node": ">=0.4.0"
      }
    },
    "node_modules/transformers/node_modules/uglify-js/node_modules/source-map": {
      "version": "0.1.43",
      "dependencies": {
        "amdefine": ">=0.0.4"
      },
      "engines": {
        "node": ">=0.8.0"
      }
    },
    "node_modules/ttf2eot": {
      "version": "2.0.0",
      "license": "MIT",
      "dependencies": {
        "argparse": "^1.0.6",
        "microbuffer": "^1.0.0"
      },
      "bin": {
        "ttf2eot": "ttf2eot.js"
      }
    },
    "node_modules/ttf2woff": {
      "version": "2.0.2",
      "license": "MIT",
      "dependencies": {
        "argparse": "^1.0.6",
        "microbuffer": "^1.0.0",
        "pako": "^1.0.0"
      },
      "bin": {
        "ttf2woff": "ttf2woff.js"
      }
    },
    "node_modules/uglify-js": {
      "version": "2.8.29",
      "license": "BSD-2-Clause",
      "dependencies": {
        "source-map": "~0.5.1",
        "yargs": "~3.10.0"
      },
      "bin": {
        "uglifyjs": "bin/uglifyjs"
      },
      "engines": {
        "node": ">=0.8.0"
      },
      "optionalDependencies": {
        "uglify-to-browserify": "~1.0.0"
      }
    },
    "node_modules/uglify-js/node_modules/source-map": {
      "version": "0.5.7",
      "license": "BSD-3-Clause",
      "engines": {
        "node": ">=0.10.0"
      }
    },
    "node_modules/uglify-to-browserify": {
      "version": "1.0.2",
      "license": "MIT",
      "optional": true
    },
    "node_modules/underscore": {
      "version": "1.7.0"
    },
    "node_modules/underscore.string": {
      "version": "2.4.0",
      "engines": {
        "node": "*"
      }
    },
    "node_modules/urix": {
      "version": "0.1.0",
      "license": "MIT"
    },
    "node_modules/void-elements": {
      "version": "2.0.1",
      "license": "MIT",
      "engines": {
        "node": ">=0.10.0"
      }
    },
    "node_modules/whet.extend": {
      "version": "0.9.9",
      "license": "MIT",
      "engines": {
        "node": ">=0.6.0"
      }
    },
    "node_modules/window-size": {
      "version": "0.1.0",
      "engines": {
        "node": ">= 0.8.0"
      }
    },
    "node_modules/with": {
      "version": "4.0.3",
      "license": "MIT",
      "dependencies": {
        "acorn": "^1.0.1",
        "acorn-globals": "^1.0.3"
      }
    },
    "node_modules/with/node_modules/acorn": {
      "version": "1.2.2",
      "license": "MIT",
      "bin": {
        "acorn": "bin/acorn"
      },
      "engines": {
        "node": ">=0.4.0"
      }
    },
    "node_modules/wordwrap": {
      "version": "0.0.3",
      "license": "MIT",
      "engines": {
        "node": ">=0.4.0"
      }
    },
    "node_modules/wrappy": {
      "version": "1.0.2",
      "license": "ISC"
    },
    "node_modules/xmldom": {
      "version": "0.1.31",
      "license": "(LGPL-2.0 or MIT)",
      "engines": {
        "node": ">=0.1"
      }
    },
    "node_modules/yargs": {
      "version": "3.10.0",
      "license": "MIT",
      "dependencies": {
        "camelcase": "^1.0.2",
        "cliui": "^2.1.0",
        "decamelize": "^1.0.0",
        "window-size": "0.1.0"
      }
    }
  }
}
